
Microsoft Visual Studio Solution File, Format Version 12.00
# Visual Studio Version 17
VisualStudioVersion = 17.7.34003.232
MinimumVisualStudioVersion = 10.0.40219.1
Project("{2150E333-8FDC-42A3-9474-1A3956D46DE8}") = "Creation", "Creation", "{8544450E-B06A-4432-A555-3446DA6F3185}"
EndProject
Project("{FAE04EC0-301F-11D3-BF4B-00C04F79EFBC}") = "Factory", "Factory\Factory.csproj", "{F5CF5F8D-03DB-4091-900C-CDEFFEB867D6}"
EndProject
Project("{FAE04EC0-301F-11D3-BF4B-00C04F79EFBC}") = "BumbleBikesLibrary", "BumbleBikesLibrary\BumbleBikesLibrary.csproj", "{DC845D3A-F364-440A-BB62-FFBBFBF705E0}"
EndProject
Project("{FAE04EC0-301F-11D3-BF4B-00C04F79EFBC}") = "NoPattern", "NoPattern\NoPattern.csproj", "{E1F39041-B28F-47E4-987F-3B28068B3CD3}"
EndProject
Global
	GlobalSection(SolutionConfigurationPlatforms) = preSolution
		Debug|Any CPU = Debug|Any CPU
		Release|Any CPU = Release|Any CPU
	EndGlobalSection
	GlobalSection(ProjectConfigurationPlatforms) = postSolution
		{F5CF5F8D-03DB-4091-900C-CDEFFEB867D6}.Debug|Any CPU.ActiveCfg = Debug|Any CPU
		{F5CF5F8D-03DB-4091-900C-CDEFFEB867D6}.Debug|Any CPU.Build.0 = Debug|Any CPU
		{F5CF5F8D-03DB-4091-900C-CDEFFEB867D6}.Release|Any CPU.ActiveCfg = Release|Any CPU
		{F5CF5F8D-03DB-4091-900C-CDEFFEB867D6}.Release|Any CPU.Build.0 = Release|Any CPU
		{DC845D3A-F364-440A-BB62-FFBBFBF705E0}.Debug|Any CPU.ActiveCfg = Debug|Any CPU
		{DC845D3A-F364-440A-BB62-FFBBFBF705E0}.Debug|Any CPU.Build.0 = Debug|Any CPU
		{DC845D3A-F364-440A-BB62-FFBBFBF705E0}.Release|Any CPU.ActiveCfg = Release|Any CPU
		{DC845D3A-F364-440A-BB62-FFBBFBF705E0}.Release|Any CPU.Build.0 = Release|Any CPU
		{E1F39041-B28F-47E4-987F-3B28068B3CD3}.Debug|Any CPU.ActiveCfg = Debug|Any CPU
		{E1F39041-B28F-47E4-987F-3B28068B3CD3}.Debug|Any CPU.Build.0 = Debug|Any CPU
		{E1F39041-B28F-47E4-987F-3B28068B3CD3}.Release|Any CPU.ActiveCfg = Release|Any CPU
		{E1F39041-B28F-47E4-987F-3B28068B3CD3}.Release|Any CPU.Build.0 = Release|Any CPU
	EndGlobalSection
	GlobalSection(SolutionProperties) = preSolution
		HideSolutionNode = FALSE
	EndGlobalSection
	GlobalSection(NestedProjects) = preSolution
		{F5CF5F8D-03DB-4091-900C-CDEFFEB867D6} = {8544450E-B06A-4432-A555-3446DA6F3185}
		{DC845D3A-F364-440A-BB62-FFBBFBF705E0} = {8544450E-B06A-4432-A555-3446DA6F3185}
		{E1F39041-B28F-47E4-987F-3B28068B3CD3} = {8544450E-B06A-4432-A555-3446DA6F3185}
	EndGlobalSection
	GlobalSection(ExtensibilityGlobals) = postSolution
		SolutionGuid = {F25932C6-106C-46A9-9E2F-F011188B9D7E}
	EndGlobalSection
EndGlobal
